
Microsoft Visual Studio Solution File, Format Version 12.00
# Visual Studio Version 17
VisualStudioVersion = 17.3.32825.248
MinimumVisualStudioVersion = 10.0.40219.1
Project("{FAE04EC0-301F-11D3-BF4B-00C04F79EFBC}") = "2022.09.26", "2022.09.26\2022.09.26.csproj", "{62FBC782-5BA8-4D5A-AC4E-8657103E5B9D}"
EndProject
Global
	GlobalSection(SolutionConfigurationPlatforms) = preSolution
		Debug|Any CPU = Debug|Any CPU
		Release|Any CPU = Release|Any CPU
	EndGlobalSection
	GlobalSection(ProjectConfigurationPlatforms) = postSolution
		{62FBC782-5BA8-4D5A-AC4E-8657103E5B9D}.Debug|Any CPU.ActiveCfg = Debug|Any CPU
		{62FBC782-5BA8-4D5A-AC4E-8657103E5B9D}.Debug|Any CPU.Build.0 = Debug|Any CPU
		{62FBC782-5BA8-4D5A-AC4E-8657103E5B9D}.Release|Any CPU.ActiveCfg = Release|Any CPU
		{62FBC782-5BA8-4D5A-AC4E-8657103E5B9D}.Release|Any CPU.Build.0 = Release|Any CPU
	EndGlobalSection
	GlobalSection(SolutionProperties) = preSolution
		HideSolutionNode = FALSE
	EndGlobalSection
	GlobalSection(ExtensibilityGlobals) = postSolution
		SolutionGuid = {58574A15-294F-4702-A49F-FAD3BB35CC79}
	EndGlobalSection
EndGlobal
